# This file is autogenerated, do not edit; changes may be undone by the next 'dep ensure'.


[[projects]]
  name = "github.com/gographics/gmagick"
  packages = [".","types"]
  revision = "6aafcccbf1fa55b3d438954e4033e4b4ddb71d35"
  version = "v1.0.0"

[solve-meta]
  analyzer-name = "dep"
  analyzer-version = 1
  inputs-digest = "147eac4462ad5624728082558b3f3e86071055d781cd5cf91fca31f8d50f4da4"
  solver-name = "gps-cdcl"
  solver-version = 1
